{
  "name": "healthcare-system",
  "version": "0.1.0",
  "lockfileVersion": 3,
  "requires": true,
  "packages": {
    "": {
      "name": "healthcare-system",
      "version": "0.1.0",
      "workspaces": [
        "backend",
        "frontend",
        "microservices/appointment-service"
      ],
      "engines": {
        "node": ">=20"
      }
    },
    "backend": {
      "version": "0.1.0"
    },
    "frontend": {
      "version": "0.1.0"
    },
    "microservices/appointment-service": {
      "version": "0.1.0"
    },
    "node_modules/appointment-service": {
      "resolved": "microservices/appointment-service",
      "link": true
    },
    "node_modules/backend": {
      "resolved": "backend",
      "link": true
    },
    "node_modules/frontend": {
      "resolved": "frontend",
      "link": true
    }
  }
}
